
Microsoft Visual Studio Solution File, Format Version 12.00
# Visual Studio Version 16
VisualStudioVersion = 16.0.29209.62
MinimumVisualStudioVersion = 10.0.40219.1
Project("{FAE04EC0-301F-11D3-BF4B-00C04F79EFBC}") = "SelectLine API Console", "SelectLine API Console\SelectLine API Console.csproj", "{EFBEA27D-676D-4232-9A44-4A0FBD2EAD53}"
EndProject
Global
	GlobalSection(SolutionConfigurationPlatforms) = preSolution
		CI_Build|Any CPU = CI_Build|Any CPU
		Debug|Any CPU = Debug|Any CPU
		FinalBuilder|Any CPU = FinalBuilder|Any CPU
		Release|Any CPU = Release|Any CPU
	EndGlobalSection
	GlobalSection(ProjectConfigurationPlatforms) = postSolution
		{EFBEA27D-676D-4232-9A44-4A0FBD2EAD53}.CI_Build|Any CPU.ActiveCfg = Release|Any CPU
		{EFBEA27D-676D-4232-9A44-4A0FBD2EAD53}.CI_Build|Any CPU.Build.0 = Release|Any CPU
		{EFBEA27D-676D-4232-9A44-4A0FBD2EAD53}.Debug|Any CPU.ActiveCfg = Debug|Any CPU
		{EFBEA27D-676D-4232-9A44-4A0FBD2EAD53}.Debug|Any CPU.Build.0 = Debug|Any CPU
		{EFBEA27D-676D-4232-9A44-4A0FBD2EAD53}.FinalBuilder|Any CPU.ActiveCfg = Release|Any CPU
		{EFBEA27D-676D-4232-9A44-4A0FBD2EAD53}.FinalBuilder|Any CPU.Build.0 = Release|Any CPU
		{EFBEA27D-676D-4232-9A44-4A0FBD2EAD53}.Release|Any CPU.ActiveCfg = Release|Any CPU
		{EFBEA27D-676D-4232-9A44-4A0FBD2EAD53}.Release|Any CPU.Build.0 = Release|Any CPU
	EndGlobalSection
	GlobalSection(SolutionProperties) = preSolution
		HideSolutionNode = FALSE
	EndGlobalSection
	GlobalSection(ExtensibilityGlobals) = postSolution
		SolutionGuid = {D74F9D72-E95F-4880-A51A-E81D68037DA4}
	EndGlobalSection
EndGlobal
